
Microsoft Visual Studio Solution File, Format Version 12.00
# Visual Studio Version 16
VisualStudioVersion = 16.0.31321.278
MinimumVisualStudioVersion = 10.0.40219.1
Project("{9A19103F-16F7-4668-BE54-9A1E7A4F7556}") = "HallPass", "HallPass\HallPass.csproj", "{5F7316FB-3C31-4FF0-AA13-63973B0DBACC}"
EndProject
Project("{FAE04EC0-301F-11D3-BF4B-00C04F79EFBC}") = "HallPass.UnitTests", "HallPass.UnitTests\HallPass.UnitTests.csproj", "{678C5345-1CBD-4EDD-9451-B7B4F19B1111}"
EndProject
Global
	GlobalSection(SolutionConfigurationPlatforms) = preSolution
		Debug|Any CPU = Debug|Any CPU
		Release|Any CPU = Release|Any CPU
	EndGlobalSection
	GlobalSection(ProjectConfigurationPlatforms) = postSolution
		{5F7316FB-3C31-4FF0-AA13-63973B0DBACC}.Debug|Any CPU.ActiveCfg = Debug|Any CPU
		{5F7316FB-3C31-4FF0-AA13-63973B0DBACC}.Debug|Any CPU.Build.0 = Debug|Any CPU
		{5F7316FB-3C31-4FF0-AA13-63973B0DBACC}.Release|Any CPU.ActiveCfg = Release|Any CPU
		{5F7316FB-3C31-4FF0-AA13-63973B0DBACC}.Release|Any CPU.Build.0 = Release|Any CPU
		{678C5345-1CBD-4EDD-9451-B7B4F19B1111}.Debug|Any CPU.ActiveCfg = Debug|Any CPU
		{678C5345-1CBD-4EDD-9451-B7B4F19B1111}.Debug|Any CPU.Build.0 = Debug|Any CPU
		{678C5345-1CBD-4EDD-9451-B7B4F19B1111}.Release|Any CPU.ActiveCfg = Release|Any CPU
		{678C5345-1CBD-4EDD-9451-B7B4F19B1111}.Release|Any CPU.Build.0 = Release|Any CPU
	EndGlobalSection
	GlobalSection(SolutionProperties) = preSolution
		HideSolutionNode = FALSE
	EndGlobalSection
	GlobalSection(ExtensibilityGlobals) = postSolution
		SolutionGuid = {F7DC85CD-B203-4478-89E7-D0CF987197FF}
	EndGlobalSection
EndGlobal
